
Microsoft Visual Studio Solution File, Format Version 11.00
# Visual Studio 2010
Project("{FAE04EC0-301F-11D3-BF4B-00C04F79EFBC}") = "Algorithm.Sort", "Algorithm.Sort\Algorithm.Sort.csproj", "{175E94A2-8F6C-4E9E-9AFC-95B5BF28A57A}"
EndProject
Project("{FAE04EC0-301F-11D3-BF4B-00C04F79EFBC}") = "Algorithm.Sort.Tests", "Algorithm.Sort.Tests\Algorithm.Sort.Tests.csproj", "{F3AB264A-2F0E-46A7-8DFA-C303153E4882}"
EndProject
Global
	GlobalSection(SolutionConfigurationPlatforms) = preSolution
		Debug|Any CPU = Debug|Any CPU
		Release|Any CPU = Release|Any CPU
	EndGlobalSection
	GlobalSection(ProjectConfigurationPlatforms) = postSolution
		{175E94A2-8F6C-4E9E-9AFC-95B5BF28A57A}.Debug|Any CPU.ActiveCfg = Debug|Any CPU
		{175E94A2-8F6C-4E9E-9AFC-95B5BF28A57A}.Debug|Any CPU.Build.0 = Debug|Any CPU
		{175E94A2-8F6C-4E9E-9AFC-95B5BF28A57A}.Release|Any CPU.ActiveCfg = Release|Any CPU
		{175E94A2-8F6C-4E9E-9AFC-95B5BF28A57A}.Release|Any CPU.Build.0 = Release|Any CPU
		{F3AB264A-2F0E-46A7-8DFA-C303153E4882}.Debug|Any CPU.ActiveCfg = Debug|Any CPU
		{F3AB264A-2F0E-46A7-8DFA-C303153E4882}.Debug|Any CPU.Build.0 = Debug|Any CPU
		{F3AB264A-2F0E-46A7-8DFA-C303153E4882}.Release|Any CPU.ActiveCfg = Release|Any CPU
		{F3AB264A-2F0E-46A7-8DFA-C303153E4882}.Release|Any CPU.Build.0 = Release|Any CPU
	EndGlobalSection
	GlobalSection(SolutionProperties) = preSolution
		HideSolutionNode = FALSE
	EndGlobalSection
EndGlobal
